
Microsoft Visual Studio Solution File, Format Version 12.00
# Visual Studio Version 17
VisualStudioVersion = 17.1.32228.430
MinimumVisualStudioVersion = 10.0.40219.1
Project("{2150E333-8FDC-42A3-9474-1A3956D46DE8}") = "src", "src", "{8435AD5C-67B4-4A1F-B9BD-9B53B71A227C}"
EndProject
Project("{2150E333-8FDC-42A3-9474-1A3956D46DE8}") = "ApiGateway", "ApiGateway", "{2F2A9009-6EE2-4A8C-AE36-56A8EC3AC193}"
EndProject
Project("{2150E333-8FDC-42A3-9474-1A3956D46DE8}") = "WebApp", "WebApp", "{87AB053B-211A-411A-9466-8839C1257C64}"
EndProject
Project("{2150E333-8FDC-42A3-9474-1A3956D46DE8}") = "Services", "Services", "{7940A615-7426-4BC6-9A96-98CD8626EF57}"
EndProject
Project("{2150E333-8FDC-42A3-9474-1A3956D46DE8}") = "Products", "Products", "{735C54E1-1B46-4842-9017-4FCD225158B0}"
EndProject
Project("{2150E333-8FDC-42A3-9474-1A3956D46DE8}") = "Common", "Common", "{D024DAB1-5544-40C9-92F8-83C1F1D2BB51}"
EndProject
Project("{2150E333-8FDC-42A3-9474-1A3956D46DE8}") = "Sourcing", "Sourcing", "{F43D77D1-CEAD-4089-9074-54E05874EA6B}"
EndProject
Project("{2150E333-8FDC-42A3-9474-1A3956D46DE8}") = "Order", "Order", "{9152F842-BF54-427F-BE10-268CB0688CF9}"
EndProject
Project("{E53339B2-1760-4266-BCC7-CA923CBCF16C}") = "docker-compose", "docker-compose.dcproj", "{DA522D98-1787-412B-A2E4-28A589B01316}"
EndProject
Project("{9A19103F-16F7-4668-BE54-9A1E7A4F7556}") = "ESourcing.Products", "src\Services\Products\ESourcing.Products\ESourcing.Products.csproj", "{121BFB7A-38FF-4DBA-8D82-C7E72188D213}"
EndProject
Project("{FAE04EC0-301F-11D3-BF4B-00C04F79EFBC}") = "ESourcing.Sourcing", "src\Services\Sourcing\ESourcing.Sourcing\ESourcing.Sourcing.csproj", "{0D4A9621-01A0-4CD5-A5FC-07747D6EC0A3}"
EndProject
Global
	GlobalSection(SolutionConfigurationPlatforms) = preSolution
		Debug|Any CPU = Debug|Any CPU
		Release|Any CPU = Release|Any CPU
	EndGlobalSection
	GlobalSection(ProjectConfigurationPlatforms) = postSolution
		{DA522D98-1787-412B-A2E4-28A589B01316}.Debug|Any CPU.ActiveCfg = Debug|Any CPU
		{DA522D98-1787-412B-A2E4-28A589B01316}.Debug|Any CPU.Build.0 = Debug|Any CPU
		{DA522D98-1787-412B-A2E4-28A589B01316}.Release|Any CPU.ActiveCfg = Release|Any CPU
		{DA522D98-1787-412B-A2E4-28A589B01316}.Release|Any CPU.Build.0 = Release|Any CPU
		{121BFB7A-38FF-4DBA-8D82-C7E72188D213}.Debug|Any CPU.ActiveCfg = Debug|Any CPU
		{121BFB7A-38FF-4DBA-8D82-C7E72188D213}.Debug|Any CPU.Build.0 = Debug|Any CPU
		{121BFB7A-38FF-4DBA-8D82-C7E72188D213}.Release|Any CPU.ActiveCfg = Release|Any CPU
		{121BFB7A-38FF-4DBA-8D82-C7E72188D213}.Release|Any CPU.Build.0 = Release|Any CPU
		{0D4A9621-01A0-4CD5-A5FC-07747D6EC0A3}.Debug|Any CPU.ActiveCfg = Debug|Any CPU
		{0D4A9621-01A0-4CD5-A5FC-07747D6EC0A3}.Debug|Any CPU.Build.0 = Debug|Any CPU
		{0D4A9621-01A0-4CD5-A5FC-07747D6EC0A3}.Release|Any CPU.ActiveCfg = Release|Any CPU
		{0D4A9621-01A0-4CD5-A5FC-07747D6EC0A3}.Release|Any CPU.Build.0 = Release|Any CPU
	EndGlobalSection
	GlobalSection(SolutionProperties) = preSolution
		HideSolutionNode = FALSE
	EndGlobalSection
	GlobalSection(NestedProjects) = preSolution
		{2F2A9009-6EE2-4A8C-AE36-56A8EC3AC193} = {8435AD5C-67B4-4A1F-B9BD-9B53B71A227C}
		{87AB053B-211A-411A-9466-8839C1257C64} = {8435AD5C-67B4-4A1F-B9BD-9B53B71A227C}
		{7940A615-7426-4BC6-9A96-98CD8626EF57} = {8435AD5C-67B4-4A1F-B9BD-9B53B71A227C}
		{735C54E1-1B46-4842-9017-4FCD225158B0} = {7940A615-7426-4BC6-9A96-98CD8626EF57}
		{D024DAB1-5544-40C9-92F8-83C1F1D2BB51} = {7940A615-7426-4BC6-9A96-98CD8626EF57}
		{F43D77D1-CEAD-4089-9074-54E05874EA6B} = {7940A615-7426-4BC6-9A96-98CD8626EF57}
		{9152F842-BF54-427F-BE10-268CB0688CF9} = {7940A615-7426-4BC6-9A96-98CD8626EF57}
		{121BFB7A-38FF-4DBA-8D82-C7E72188D213} = {735C54E1-1B46-4842-9017-4FCD225158B0}
		{0D4A9621-01A0-4CD5-A5FC-07747D6EC0A3} = {F43D77D1-CEAD-4089-9074-54E05874EA6B}
	EndGlobalSection
	GlobalSection(ExtensibilityGlobals) = postSolution
		SolutionGuid = {B51F9ED4-31D8-43AC-B894-235141D60D0C}
	EndGlobalSection
EndGlobal
