
Microsoft Visual Studio Solution File, Format Version 12.00
# Visual Studio Version 17
VisualStudioVersion = 17.1.32228.430
MinimumVisualStudioVersion = 10.0.40219.1
Project("{2150E333-8FDC-42A3-9474-1A3956D46DE8}") = "src", "src", "{E21E1F1E-5A18-4C63-AAAA-F949A3F5E307}"
EndProject
Project("{2150E333-8FDC-42A3-9474-1A3956D46DE8}") = "ApiGateway", "ApiGateway", "{BB3884F5-905E-4F74-A66D-615A4EEA232D}"
EndProject
Project("{2150E333-8FDC-42A3-9474-1A3956D46DE8}") = "Services", "Services", "{C69B44EB-C4CA-40C7-A4FF-46E596EACC78}"
EndProject
Project("{2150E333-8FDC-42A3-9474-1A3956D46DE8}") = "WebApp", "WebApp", "{3809DCD0-CAA7-4744-A134-BBA8E2F7ACF4}"
EndProject
Project("{2150E333-8FDC-42A3-9474-1A3956D46DE8}") = "Produtcs", "Produtcs", "{7A0D1F85-564A-4F00-9E9C-34FE570558F2}"
EndProject
Project("{2150E333-8FDC-42A3-9474-1A3956D46DE8}") = "Common", "Common", "{B2DA1F31-877D-40A4-B7D0-9637B009C31D}"
EndProject
Project("{2150E333-8FDC-42A3-9474-1A3956D46DE8}") = "Order", "Order", "{79DDEBEA-0393-4602-A921-54AE5F11A2EA}"
EndProject
Project("{2150E333-8FDC-42A3-9474-1A3956D46DE8}") = "Sourcing", "Sourcing", "{77AC51EB-C560-4448-9068-87FF667701BD}"
EndProject
Project("{FAE04EC0-301F-11D3-BF4B-00C04F79EFBC}") = "ESourcing.Products", "src\Services\Products\ESourcing.Products\ESourcing.Products.csproj", "{053F074D-500C-4391-84FC-F84103BBC878}"
EndProject
Global
	GlobalSection(SolutionConfigurationPlatforms) = preSolution
		Debug|Any CPU = Debug|Any CPU
		Release|Any CPU = Release|Any CPU
	EndGlobalSection
	GlobalSection(ProjectConfigurationPlatforms) = postSolution
		{053F074D-500C-4391-84FC-F84103BBC878}.Debug|Any CPU.ActiveCfg = Debug|Any CPU
		{053F074D-500C-4391-84FC-F84103BBC878}.Debug|Any CPU.Build.0 = Debug|Any CPU
		{053F074D-500C-4391-84FC-F84103BBC878}.Release|Any CPU.ActiveCfg = Release|Any CPU
		{053F074D-500C-4391-84FC-F84103BBC878}.Release|Any CPU.Build.0 = Release|Any CPU
	EndGlobalSection
	GlobalSection(SolutionProperties) = preSolution
		HideSolutionNode = FALSE
	EndGlobalSection
	GlobalSection(NestedProjects) = preSolution
		{BB3884F5-905E-4F74-A66D-615A4EEA232D} = {E21E1F1E-5A18-4C63-AAAA-F949A3F5E307}
		{C69B44EB-C4CA-40C7-A4FF-46E596EACC78} = {E21E1F1E-5A18-4C63-AAAA-F949A3F5E307}
		{3809DCD0-CAA7-4744-A134-BBA8E2F7ACF4} = {E21E1F1E-5A18-4C63-AAAA-F949A3F5E307}
		{7A0D1F85-564A-4F00-9E9C-34FE570558F2} = {C69B44EB-C4CA-40C7-A4FF-46E596EACC78}
		{B2DA1F31-877D-40A4-B7D0-9637B009C31D} = {C69B44EB-C4CA-40C7-A4FF-46E596EACC78}
		{79DDEBEA-0393-4602-A921-54AE5F11A2EA} = {C69B44EB-C4CA-40C7-A4FF-46E596EACC78}
		{77AC51EB-C560-4448-9068-87FF667701BD} = {C69B44EB-C4CA-40C7-A4FF-46E596EACC78}
		{053F074D-500C-4391-84FC-F84103BBC878} = {7A0D1F85-564A-4F00-9E9C-34FE570558F2}
	EndGlobalSection
	GlobalSection(ExtensibilityGlobals) = postSolution
		SolutionGuid = {F6C1E373-1A6F-4C26-AD8E-880BB79BED33}
	EndGlobalSection
EndGlobal
